# This file is generated by running "yarn install" inside your project.
# Manual changes might be lost - proceed with caution!

__metadata:
  version: 8
  cacheKey: 10c0

"@tensorflow/tfjs-backend-cpu@npm:4.22.0":
  version: 4.22.0
  resolution: "@tensorflow/tfjs-backend-cpu@npm:4.22.0"
  dependencies:
    "@types/seedrandom": "npm:^2.4.28"
    seedrandom: "npm:^3.0.5"
  peerDependencies:
    "@tensorflow/tfjs-core": 4.22.0
  checksum: 10c0/b08893c0290b2d7d16990d769649ecb5484ac72f4ca47b9b160df0c81ca4cec0addcb14b7dc11c1dd7b3eb9523ec3a166170d43787f3f35834d3434dc95902fa
  languageName: node
  linkType: hard

"@tensorflow/tfjs-backend-webgl@npm:4.22.0":
  version: 4.22.0
  resolution: "@tensorflow/tfjs-backend-webgl@npm:4.22.0"
  dependencies:
    "@tensorflow/tfjs-backend-cpu": "npm:4.22.0"
    "@types/offscreencanvas": "npm:~2019.3.0"
    "@types/seedrandom": "npm:^2.4.28"
    seedrandom: "npm:^3.0.5"
  peerDependencies:
    "@tensorflow/tfjs-core": 4.22.0
  checksum: 10c0/cd2bbd5b3cd150bba4507df830300bb58de3c8fa625e3ccf5620da58a9244d7f52d7f9f20d8c3c2218a3c379f7bd4e067669aac11a0fe7c11e2184d77f0f6a9c
  languageName: node
  linkType: hard

"@tensorflow/tfjs-converter@npm:4.22.0":
  version: 4.22.0
  resolution: "@tensorflow/tfjs-converter@npm:4.22.0"
  peerDependencies:
    "@tensorflow/tfjs-core": 4.22.0
  checksum: 10c0/514735f707eb1a4dfd5df039e54955188501b451eed177f830aedc9778a0fd7c959a5dc0a6b711701f8fda0ca4bc1d241e7b35691bc3dd5b7d84f777e44729c8
  languageName: node
  linkType: hard

"@tensorflow/tfjs-core@npm:4.22.0":
  version: 4.22.0
  resolution: "@tensorflow/tfjs-core@npm:4.22.0"
  dependencies:
    "@types/long": "npm:^4.0.1"
    "@types/offscreencanvas": "npm:~2019.7.0"
    "@types/seedrandom": "npm:^2.4.28"
    "@webgpu/types": "npm:0.1.38"
    long: "npm:4.0.0"
    node-fetch: "npm:~2.6.1"
    seedrandom: "npm:^3.0.5"
  checksum: 10c0/b555e2aa5df7a8f0d124317afe2beb77e63c1a567627639ee23e043bf2bd8a22bf31dfacc32de82a8989ba2389bd13578dc55446b1c37540a6d8f2c09eb91f09
  languageName: node
  linkType: hard

"@tensorflow/tfjs-data@npm:4.22.0":
  version: 4.22.0
  resolution: "@tensorflow/tfjs-data@npm:4.22.0"
  dependencies:
    "@types/node-fetch": "npm:^2.1.2"
    node-fetch: "npm:~2.6.1"
    string_decoder: "npm:^1.3.0"
  peerDependencies:
    "@tensorflow/tfjs-core": 4.22.0
    seedrandom: ^3.0.5
  checksum: 10c0/7abf5e60b8d3c79187be87fc51771abfb2c7ee70b6c1dc89018f5f86874e52c9507c2f0a7f4e1ebe944fd57a0ad97268948b639e910831e3a8dbf42c6594fc7e
  languageName: node
  linkType: hard

"@tensorflow/tfjs-layers@npm:4.22.0":
  version: 4.22.0
  resolution: "@tensorflow/tfjs-layers@npm:4.22.0"
  peerDependencies:
    "@tensorflow/tfjs-core": 4.22.0
  checksum: 10c0/980c2462e89b6756da87031061e2c908a0a9dc42006b1cc397c0a4142ec7d9bbfa91b762fc437e0d4bec74fe79da6bb456e209e23c5425bc07d5eea134e4cb73
  languageName: node
  linkType: hard

"@tensorflow/tfjs@npm:^4.22.0":
  version: 4.22.0
  resolution: "@tensorflow/tfjs@npm:4.22.0"
  dependencies:
    "@tensorflow/tfjs-backend-cpu": "npm:4.22.0"
    "@tensorflow/tfjs-backend-webgl": "npm:4.22.0"
    "@tensorflow/tfjs-converter": "npm:4.22.0"
    "@tensorflow/tfjs-core": "npm:4.22.0"
    "@tensorflow/tfjs-data": "npm:4.22.0"
    "@tensorflow/tfjs-layers": "npm:4.22.0"
    argparse: "npm:^1.0.10"
    chalk: "npm:^4.1.0"
    core-js: "npm:3.29.1"
    regenerator-runtime: "npm:^0.13.5"
    yargs: "npm:^16.0.3"
  bin:
    tfjs-custom-module: dist/tools/custom_module/cli.js
  checksum: 10c0/4ad4ddf41bb8971cf8ab4b2fb07fe0119b95ee5292e5a84bd067205953aabe9c7e193ec491c0fa03ef9f70d62aa0e9e04c559e8500d110d4fd806fe1d9d51c4f
  languageName: node
  linkType: hard

"@types/long@npm:^4.0.1":
  version: 4.0.2
  resolution: "@types/long@npm:4.0.2"
  checksum: 10c0/42ec66ade1f72ff9d143c5a519a65efc7c1c77be7b1ac5455c530ae9acd87baba065542f8847522af2e3ace2cc999f3ad464ef86e6b7352eece34daf88f8c924
  languageName: node
  linkType: hard

"@types/node-fetch@npm:^2.1.2":
  version: 2.6.12
  resolution: "@types/node-fetch@npm:2.6.12"
  dependencies:
    "@types/node": "npm:*"
    form-data: "npm:^4.0.0"
  checksum: 10c0/7693acad5499b7df2d1727d46cff092a63896dc04645f36b973dd6dd754a59a7faba76fcb777bdaa35d80625c6a9dd7257cca9c401a4bab03b04480cda7fd1af
  languageName: node
  linkType: hard

"@types/node@npm:*":
  version: 22.13.5
  resolution: "@types/node@npm:22.13.5"
  dependencies:
    undici-types: "npm:~6.20.0"
  checksum: 10c0/a2e7ed7bb0690e439004779baedeb05159c5cc41ef6d81c7a6ebea5303fde4033669e1c0e41ff7453b45fd2fea8dbd55fddfcd052950c7fcae3167c970bca725
  languageName: node
  linkType: hard

"@types/offscreencanvas@npm:~2019.3.0":
  version: 2019.3.0
  resolution: "@types/offscreencanvas@npm:2019.3.0"
  checksum: 10c0/5ad93e734a22dd0831c7d4a32e3241165bb3bb88b703677c60741ebc4557e01e06964274258fb938a5da7caa3319a47f148be3df5e2383311b81bc209946c77d
  languageName: node
  linkType: hard

"@types/offscreencanvas@npm:~2019.7.0":
  version: 2019.7.3
  resolution: "@types/offscreencanvas@npm:2019.7.3"
  checksum: 10c0/6d1dfae721d321cd2b5435f347a0e53b09f33b2f9e9333396480f592823bc323847b8169f7d251d2285cb93dbc1ba2e30741ac5cf4b1c003d660fd4c24526963
  languageName: node
  linkType: hard

"@types/seedrandom@npm:^2.4.28":
  version: 2.4.34
  resolution: "@types/seedrandom@npm:2.4.34"
  checksum: 10c0/de045c55f07270ee300c4f33de0724b69cea9f3597047b53b039b43d4b21c4a40d5f13fe29f2b69a857f124048c4b58bf92ab5faf5816c21c5b2eb4e803cfae6
  languageName: node
  linkType: hard

"@wc/shared-types@workspace:.":
  version: 0.0.0-use.local
  resolution: "@wc/shared-types@workspace:."
  dependencies:
    "@tensorflow/tfjs": "npm:^4.22.0"
    typescript: "npm:^5.0.0"
  languageName: unknown
  linkType: soft

"@webgpu/types@npm:0.1.38":
  version: 0.1.38
  resolution: "@webgpu/types@npm:0.1.38"
  checksum: 10c0/054e29b85a30149960d8b5897c869bdd2d6360215cff3faa736d21c823824c60047982aee293655ddc7ad91b8735c3649d33244d9d64e6908a1946ea5e8e4884
  languageName: node
  linkType: hard

"ansi-regex@npm:^5.0.1":
  version: 5.0.1
  resolution: "ansi-regex@npm:5.0.1"
  checksum: 10c0/9a64bb8627b434ba9327b60c027742e5d17ac69277960d041898596271d992d4d52ba7267a63ca10232e29f6107fc8a835f6ce8d719b88c5f8493f8254813737
  languageName: node
  linkType: hard

"ansi-styles@npm:^4.0.0, ansi-styles@npm:^4.1.0":
  version: 4.3.0
  resolution: "ansi-styles@npm:4.3.0"
  dependencies:
    color-convert: "npm:^2.0.1"
  checksum: 10c0/895a23929da416f2bd3de7e9cb4eabd340949328ab85ddd6e484a637d8f6820d485f53933446f5291c3b760cbc488beb8e88573dd0f9c7daf83dccc8fe81b041
  languageName: node
  linkType: hard

"argparse@npm:^1.0.10":
  version: 1.0.10
  resolution: "argparse@npm:1.0.10"
  dependencies:
    sprintf-js: "npm:~1.0.2"
  checksum: 10c0/b2972c5c23c63df66bca144dbc65d180efa74f25f8fd9b7d9a0a6c88ae839db32df3d54770dcb6460cf840d232b60695d1a6b1053f599d84e73f7437087712de
  languageName: node
  linkType: hard

"asynckit@npm:^0.4.0":
  version: 0.4.0
  resolution: "asynckit@npm:0.4.0"
  checksum: 10c0/d73e2ddf20c4eb9337e1b3df1a0f6159481050a5de457c55b14ea2e5cb6d90bb69e004c9af54737a5ee0917fcf2c9e25de67777bbe58261847846066ba75bc9d
  languageName: node
  linkType: hard

"call-bind-apply-helpers@npm:^1.0.1, call-bind-apply-helpers@npm:^1.0.2":
  version: 1.0.2
  resolution: "call-bind-apply-helpers@npm:1.0.2"
  dependencies:
    es-errors: "npm:^1.3.0"
    function-bind: "npm:^1.1.2"
  checksum: 10c0/47bd9901d57b857590431243fea704ff18078b16890a6b3e021e12d279bbf211d039155e27d7566b374d49ee1f8189344bac9833dec7a20cdec370506361c938
  languageName: node
  linkType: hard

"chalk@npm:^4.1.0":
  version: 4.1.2
  resolution: "chalk@npm:4.1.2"
  dependencies:
    ansi-styles: "npm:^4.1.0"
    supports-color: "npm:^7.1.0"
  checksum: 10c0/4a3fef5cc34975c898ffe77141450f679721df9dde00f6c304353fa9c8b571929123b26a0e4617bde5018977eb655b31970c297b91b63ee83bb82aeb04666880
  languageName: node
  linkType: hard

"cliui@npm:^7.0.2":
  version: 7.0.4
  resolution: "cliui@npm:7.0.4"
  dependencies:
    string-width: "npm:^4.2.0"
    strip-ansi: "npm:^6.0.0"
    wrap-ansi: "npm:^7.0.0"
  checksum: 10c0/6035f5daf7383470cef82b3d3db00bec70afb3423538c50394386ffbbab135e26c3689c41791f911fa71b62d13d3863c712fdd70f0fbdffd938a1e6fd09aac00
  languageName: node
  linkType: hard

"color-convert@npm:^2.0.1":
  version: 2.0.1
  resolution: "color-convert@npm:2.0.1"
  dependencies:
    color-name: "npm:~1.1.4"
  checksum: 10c0/37e1150172f2e311fe1b2df62c6293a342ee7380da7b9cfdba67ea539909afbd74da27033208d01d6d5cfc65ee7868a22e18d7e7648e004425441c0f8a15a7d7
  languageName: node
  linkType: hard

"color-name@npm:~1.1.4":
  version: 1.1.4
  resolution: "color-name@npm:1.1.4"
  checksum: 10c0/a1a3f914156960902f46f7f56bc62effc6c94e84b2cae157a526b1c1f74b677a47ec602bf68a61abfa2b42d15b7c5651c6dbe72a43af720bc588dff885b10f95
  languageName: node
  linkType: hard

"combined-stream@npm:^1.0.8":
  version: 1.0.8
  resolution: "combined-stream@npm:1.0.8"
  dependencies:
    delayed-stream: "npm:~1.0.0"
  checksum: 10c0/0dbb829577e1b1e839fa82b40c07ffaf7de8a09b935cadd355a73652ae70a88b4320db322f6634a4ad93424292fa80973ac6480986247f1734a1137debf271d5
  languageName: node
  linkType: hard

"core-js@npm:3.29.1":
  version: 3.29.1
  resolution: "core-js@npm:3.29.1"
  checksum: 10c0/e5fb4a18148e76a136b5c90d994715e15ed0e42cf0f073429174204bd119f1ba81dc582fff450e3792b73825cd1fe234ad76f85567ba7943039f5842be02591c
  languageName: node
  linkType: hard

"delayed-stream@npm:~1.0.0":
  version: 1.0.0
  resolution: "delayed-stream@npm:1.0.0"
  checksum: 10c0/d758899da03392e6712f042bec80aa293bbe9e9ff1b2634baae6a360113e708b91326594c8a486d475c69d6259afb7efacdc3537bfcda1c6c648e390ce601b19
  languageName: node
  linkType: hard

"dunder-proto@npm:^1.0.1":
  version: 1.0.1
  resolution: "dunder-proto@npm:1.0.1"
  dependencies:
    call-bind-apply-helpers: "npm:^1.0.1"
    es-errors: "npm:^1.3.0"
    gopd: "npm:^1.2.0"
  checksum: 10c0/199f2a0c1c16593ca0a145dbf76a962f8033ce3129f01284d48c45ed4e14fea9bbacd7b3610b6cdc33486cef20385ac054948fefc6272fcce645c09468f93031
  languageName: node
  linkType: hard

"emoji-regex@npm:^8.0.0":
  version: 8.0.0
  resolution: "emoji-regex@npm:8.0.0"
  checksum: 10c0/b6053ad39951c4cf338f9092d7bfba448cdfd46fe6a2a034700b149ac9ffbc137e361cbd3c442297f86bed2e5f7576c1b54cc0a6bf8ef5106cc62f496af35010
  languageName: node
  linkType: hard

"es-define-property@npm:^1.0.1":
  version: 1.0.1
  resolution: "es-define-property@npm:1.0.1"
  checksum: 10c0/3f54eb49c16c18707949ff25a1456728c883e81259f045003499efba399c08bad00deebf65cccde8c0e07908c1a225c9d472b7107e558f2a48e28d530e34527c
  languageName: node
  linkType: hard

"es-errors@npm:^1.3.0":
  version: 1.3.0
  resolution: "es-errors@npm:1.3.0"
  checksum: 10c0/0a61325670072f98d8ae3b914edab3559b6caa980f08054a3b872052640d91da01d38df55df797fcc916389d77fc92b8d5906cf028f4db46d7e3003abecbca85
  languageName: node
  linkType: hard

"es-object-atoms@npm:^1.0.0, es-object-atoms@npm:^1.1.1":
  version: 1.1.1
  resolution: "es-object-atoms@npm:1.1.1"
  dependencies:
    es-errors: "npm:^1.3.0"
  checksum: 10c0/65364812ca4daf48eb76e2a3b7a89b3f6a2e62a1c420766ce9f692665a29d94fe41fe88b65f24106f449859549711e4b40d9fb8002d862dfd7eb1c512d10be0c
  languageName: node
  linkType: hard

"es-set-tostringtag@npm:^2.1.0":
  version: 2.1.0
  resolution: "es-set-tostringtag@npm:2.1.0"
  dependencies:
    es-errors: "npm:^1.3.0"
    get-intrinsic: "npm:^1.2.6"
    has-tostringtag: "npm:^1.0.2"
    hasown: "npm:^2.0.2"
  checksum: 10c0/ef2ca9ce49afe3931cb32e35da4dcb6d86ab02592cfc2ce3e49ced199d9d0bb5085fc7e73e06312213765f5efa47cc1df553a6a5154584b21448e9fb8355b1af
  languageName: node
  linkType: hard

"escalade@npm:^3.1.1":
  version: 3.2.0
  resolution: "escalade@npm:3.2.0"
  checksum: 10c0/ced4dd3a78e15897ed3be74e635110bbf3b08877b0a41be50dcb325ee0e0b5f65fc2d50e9845194d7c4633f327e2e1c6cce00a71b617c5673df0374201d67f65
  languageName: node
  linkType: hard

"form-data@npm:^4.0.0":
  version: 4.0.2
  resolution: "form-data@npm:4.0.2"
  dependencies:
    asynckit: "npm:^0.4.0"
    combined-stream: "npm:^1.0.8"
    es-set-tostringtag: "npm:^2.1.0"
    mime-types: "npm:^2.1.12"
  checksum: 10c0/e534b0cf025c831a0929bf4b9bbe1a9a6b03e273a8161f9947286b9b13bf8fb279c6944aae0070c4c311100c6d6dbb815cd955dc217728caf73fad8dc5b8ee9c
  languageName: node
  linkType: hard

"function-bind@npm:^1.1.2":
  version: 1.1.2
  resolution: "function-bind@npm:1.1.2"
  checksum: 10c0/d8680ee1e5fcd4c197e4ac33b2b4dce03c71f4d91717292785703db200f5c21f977c568d28061226f9b5900cbcd2c84463646134fd5337e7925e0942bc3f46d5
  languageName: node
  linkType: hard

"get-caller-file@npm:^2.0.5":
  version: 2.0.5
  resolution: "get-caller-file@npm:2.0.5"
  checksum: 10c0/c6c7b60271931fa752aeb92f2b47e355eac1af3a2673f47c9589e8f8a41adc74d45551c1bc57b5e66a80609f10ffb72b6f575e4370d61cc3f7f3aaff01757cde
  languageName: node
  linkType: hard

"get-intrinsic@npm:^1.2.6":
  version: 1.3.0
  resolution: "get-intrinsic@npm:1.3.0"
  dependencies:
    call-bind-apply-helpers: "npm:^1.0.2"
    es-define-property: "npm:^1.0.1"
    es-errors: "npm:^1.3.0"
    es-object-atoms: "npm:^1.1.1"
    function-bind: "npm:^1.1.2"
    get-proto: "npm:^1.0.1"
    gopd: "npm:^1.2.0"
    has-symbols: "npm:^1.1.0"
    hasown: "npm:^2.0.2"
    math-intrinsics: "npm:^1.1.0"
  checksum: 10c0/52c81808af9a8130f581e6a6a83e1ba4a9f703359e7a438d1369a5267a25412322f03dcbd7c549edaef0b6214a0630a28511d7df0130c93cfd380f4fa0b5b66a
  languageName: node
  linkType: hard

"get-proto@npm:^1.0.1":
  version: 1.0.1
  resolution: "get-proto@npm:1.0.1"
  dependencies:
    dunder-proto: "npm:^1.0.1"
    es-object-atoms: "npm:^1.0.0"
  checksum: 10c0/9224acb44603c5526955e83510b9da41baf6ae73f7398875fba50edc5e944223a89c4a72b070fcd78beb5f7bdda58ecb6294adc28f7acfc0da05f76a2399643c
  languageName: node
  linkType: hard

"gopd@npm:^1.2.0":
  version: 1.2.0
  resolution: "gopd@npm:1.2.0"
  checksum: 10c0/50fff1e04ba2b7737c097358534eacadad1e68d24cccee3272e04e007bed008e68d2614f3987788428fd192a5ae3889d08fb2331417e4fc4a9ab366b2043cead
  languageName: node
  linkType: hard

"has-flag@npm:^4.0.0":
  version: 4.0.0
  resolution: "has-flag@npm:4.0.0"
  checksum: 10c0/2e789c61b7888d66993e14e8331449e525ef42aac53c627cc53d1c3334e768bcb6abdc4f5f0de1478a25beec6f0bd62c7549058b7ac53e924040d4f301f02fd1
  languageName: node
  linkType: hard

"has-symbols@npm:^1.0.3, has-symbols@npm:^1.1.0":
  version: 1.1.0
  resolution: "has-symbols@npm:1.1.0"
  checksum: 10c0/dde0a734b17ae51e84b10986e651c664379018d10b91b6b0e9b293eddb32f0f069688c841fb40f19e9611546130153e0a2a48fd7f512891fb000ddfa36f5a20e
  languageName: node
  linkType: hard

"has-tostringtag@npm:^1.0.2":
  version: 1.0.2
  resolution: "has-tostringtag@npm:1.0.2"
  dependencies:
    has-symbols: "npm:^1.0.3"
  checksum: 10c0/a8b166462192bafe3d9b6e420a1d581d93dd867adb61be223a17a8d6dad147aa77a8be32c961bb2f27b3ef893cae8d36f564ab651f5e9b7938ae86f74027c48c
  languageName: node
  linkType: hard

"hasown@npm:^2.0.2":
  version: 2.0.2
  resolution: "hasown@npm:2.0.2"
  dependencies:
    function-bind: "npm:^1.1.2"
  checksum: 10c0/3769d434703b8ac66b209a4cca0737519925bbdb61dd887f93a16372b14694c63ff4e797686d87c90f08168e81082248b9b028bad60d4da9e0d1148766f56eb9
  languageName: node
  linkType: hard

"is-fullwidth-code-point@npm:^3.0.0":
  version: 3.0.0
  resolution: "is-fullwidth-code-point@npm:3.0.0"
  checksum: 10c0/bb11d825e049f38e04c06373a8d72782eee0205bda9d908cc550ccb3c59b99d750ff9537982e01733c1c94a58e35400661f57042158ff5e8f3e90cf936daf0fc
  languageName: node
  linkType: hard

"long@npm:4.0.0":
  version: 4.0.0
  resolution: "long@npm:4.0.0"
  checksum: 10c0/50a6417d15b06104dbe4e3d4a667c39b137f130a9108ea8752b352a4cfae047531a3ac351c181792f3f8768fe17cca6b0f406674a541a86fb638aaac560d83ed
  languageName: node
  linkType: hard

"math-intrinsics@npm:^1.1.0":
  version: 1.1.0
  resolution: "math-intrinsics@npm:1.1.0"
  checksum: 10c0/7579ff94e899e2f76ab64491d76cf606274c874d8f2af4a442c016bd85688927fcfca157ba6bf74b08e9439dc010b248ce05b96cc7c126a354c3bae7fcb48b7f
  languageName: node
  linkType: hard

"mime-db@npm:1.52.0":
  version: 1.52.0
  resolution: "mime-db@npm:1.52.0"
  checksum: 10c0/0557a01deebf45ac5f5777fe7740b2a5c309c6d62d40ceab4e23da9f821899ce7a900b7ac8157d4548ddbb7beffe9abc621250e6d182b0397ec7f10c7b91a5aa
  languageName: node
  linkType: hard

"mime-types@npm:^2.1.12":
  version: 2.1.35
  resolution: "mime-types@npm:2.1.35"
  dependencies:
    mime-db: "npm:1.52.0"
  checksum: 10c0/82fb07ec56d8ff1fc999a84f2f217aa46cb6ed1033fefaabd5785b9a974ed225c90dc72fff460259e66b95b73648596dbcc50d51ed69cdf464af2d237d3149b2
  languageName: node
  linkType: hard

"node-fetch@npm:~2.6.1":
  version: 2.6.13
  resolution: "node-fetch@npm:2.6.13"
  dependencies:
    whatwg-url: "npm:^5.0.0"
  peerDependencies:
    encoding: ^0.1.0
  peerDependenciesMeta:
    encoding:
      optional: true
  checksum: 10c0/39719aa365a76e5a338f20e156917ffb5c8aa8ffbe14a494f96bad785a267f3b320bf704d3481fd6df3d24d02f09cbfb8cd62fbe8f5d3ab32a812ecb7748dcac
  languageName: node
  linkType: hard

"regenerator-runtime@npm:^0.13.5":
  version: 0.13.11
  resolution: "regenerator-runtime@npm:0.13.11"
  checksum: 10c0/12b069dc774001fbb0014f6a28f11c09ebfe3c0d984d88c9bced77fdb6fedbacbca434d24da9ae9371bfbf23f754869307fb51a4c98a8b8b18e5ef748677ca24
  languageName: node
  linkType: hard

"require-directory@npm:^2.1.1":
  version: 2.1.1
  resolution: "require-directory@npm:2.1.1"
  checksum: 10c0/83aa76a7bc1531f68d92c75a2ca2f54f1b01463cb566cf3fbc787d0de8be30c9dbc211d1d46be3497dac5785fe296f2dd11d531945ac29730643357978966e99
  languageName: node
  linkType: hard

"safe-buffer@npm:~5.2.0":
  version: 5.2.1
  resolution: "safe-buffer@npm:5.2.1"
  checksum: 10c0/6501914237c0a86e9675d4e51d89ca3c21ffd6a31642efeba25ad65720bce6921c9e7e974e5be91a786b25aa058b5303285d3c15dbabf983a919f5f630d349f3
  languageName: node
  linkType: hard

"seedrandom@npm:^3.0.5":
  version: 3.0.5
  resolution: "seedrandom@npm:3.0.5"
  checksum: 10c0/929752ac098ff4990b3f8e0ac39136534916e72879d6eb625230141d20db26e2f44c4d03d153d457682e8cbaab0fb7d58a1e7267a157cf23fd8cf34e25044e88
  languageName: node
  linkType: hard

"sprintf-js@npm:~1.0.2":
  version: 1.0.3
  resolution: "sprintf-js@npm:1.0.3"
  checksum: 10c0/ecadcfe4c771890140da5023d43e190b7566d9cf8b2d238600f31bec0fc653f328da4450eb04bd59a431771a8e9cc0e118f0aa3974b683a4981b4e07abc2a5bb
  languageName: node
  linkType: hard

"string-width@npm:^4.1.0, string-width@npm:^4.2.0":
  version: 4.2.3
  resolution: "string-width@npm:4.2.3"
  dependencies:
    emoji-regex: "npm:^8.0.0"
    is-fullwidth-code-point: "npm:^3.0.0"
    strip-ansi: "npm:^6.0.1"
  checksum: 10c0/1e525e92e5eae0afd7454086eed9c818ee84374bb80328fc41217ae72ff5f065ef1c9d7f72da41de40c75fa8bb3dee63d92373fd492c84260a552c636392a47b
  languageName: node
  linkType: hard

"string_decoder@npm:^1.3.0":
  version: 1.3.0
  resolution: "string_decoder@npm:1.3.0"
  dependencies:
    safe-buffer: "npm:~5.2.0"
  checksum: 10c0/810614ddb030e271cd591935dcd5956b2410dd079d64ff92a1844d6b7588bf992b3e1b69b0f4d34a3e06e0bd73046ac646b5264c1987b20d0601f81ef35d731d
  languageName: node
  linkType: hard

"strip-ansi@npm:^6.0.0, strip-ansi@npm:^6.0.1":
  version: 6.0.1
  resolution: "strip-ansi@npm:6.0.1"
  dependencies:
    ansi-regex: "npm:^5.0.1"
  checksum: 10c0/1ae5f212a126fe5b167707f716942490e3933085a5ff6c008ab97ab2f272c8025d3aa218b7bd6ab25729ca20cc81cddb252102f8751e13482a5199e873680952
  languageName: node
  linkType: hard

"supports-color@npm:^7.1.0":
  version: 7.2.0
  resolution: "supports-color@npm:7.2.0"
  dependencies:
    has-flag: "npm:^4.0.0"
  checksum: 10c0/afb4c88521b8b136b5f5f95160c98dee7243dc79d5432db7efc27efb219385bbc7d9427398e43dd6cc730a0f87d5085ce1652af7efbe391327bc0a7d0f7fc124
  languageName: node
  linkType: hard

"tr46@npm:~0.0.3":
  version: 0.0.3
  resolution: "tr46@npm:0.0.3"
  checksum: 10c0/047cb209a6b60c742f05c9d3ace8fa510bff609995c129a37ace03476a9b12db4dbf975e74600830ef0796e18882b2381fb5fb1f6b4f96b832c374de3ab91a11
  languageName: node
  linkType: hard

"typescript@npm:^5.0.0":
  version: 5.7.3
  resolution: "typescript@npm:5.7.3"
  bin:
    tsc: bin/tsc
    tsserver: bin/tsserver
  checksum: 10c0/b7580d716cf1824736cc6e628ab4cd8b51877408ba2be0869d2866da35ef8366dd6ae9eb9d0851470a39be17cbd61df1126f9e211d8799d764ea7431d5435afa
  languageName: node
  linkType: hard

"typescript@patch:typescript@npm%3A^5.0.0#optional!builtin<compat/typescript>":
  version: 5.7.3
  resolution: "typescript@patch:typescript@npm%3A5.7.3#optional!builtin<compat/typescript>::version=5.7.3&hash=b45daf"
  bin:
    tsc: bin/tsc
    tsserver: bin/tsserver
  checksum: 10c0/3b56d6afa03d9f6172d0b9cdb10e6b1efc9abc1608efd7a3d2f38773d5d8cfb9bbc68dfb72f0a7de5e8db04fc847f4e4baeddcd5ad9c9feda072234f0d788896
  languageName: node
  linkType: hard

"undici-types@npm:~6.20.0":
  version: 6.20.0
  resolution: "undici-types@npm:6.20.0"
  checksum: 10c0/68e659a98898d6a836a9a59e6adf14a5d799707f5ea629433e025ac90d239f75e408e2e5ff086afc3cace26f8b26ee52155293564593fbb4a2f666af57fc59bf
  languageName: node
  linkType: hard

"webidl-conversions@npm:^3.0.0":
  version: 3.0.1
  resolution: "webidl-conversions@npm:3.0.1"
  checksum: 10c0/5612d5f3e54760a797052eb4927f0ddc01383550f542ccd33d5238cfd65aeed392a45ad38364970d0a0f4fea32e1f4d231b3d8dac4a3bdd385e5cf802ae097db
  languageName: node
  linkType: hard

"whatwg-url@npm:^5.0.0":
  version: 5.0.0
  resolution: "whatwg-url@npm:5.0.0"
  dependencies:
    tr46: "npm:~0.0.3"
    webidl-conversions: "npm:^3.0.0"
  checksum: 10c0/1588bed84d10b72d5eec1d0faa0722ba1962f1821e7539c535558fb5398d223b0c50d8acab950b8c488b4ba69043fd833cc2697056b167d8ad46fac3995a55d5
  languageName: node
  linkType: hard

"wrap-ansi@npm:^7.0.0":
  version: 7.0.0
  resolution: "wrap-ansi@npm:7.0.0"
  dependencies:
    ansi-styles: "npm:^4.0.0"
    string-width: "npm:^4.1.0"
    strip-ansi: "npm:^6.0.0"
  checksum: 10c0/d15fc12c11e4cbc4044a552129ebc75ee3f57aa9c1958373a4db0292d72282f54373b536103987a4a7594db1ef6a4f10acf92978f79b98c49306a4b58c77d4da
  languageName: node
  linkType: hard

"y18n@npm:^5.0.5":
  version: 5.0.8
  resolution: "y18n@npm:5.0.8"
  checksum: 10c0/4df2842c36e468590c3691c894bc9cdbac41f520566e76e24f59401ba7d8b4811eb1e34524d57e54bc6d864bcb66baab7ffd9ca42bf1eda596618f9162b91249
  languageName: node
  linkType: hard

"yargs-parser@npm:^20.2.2":
  version: 20.2.9
  resolution: "yargs-parser@npm:20.2.9"
  checksum: 10c0/0685a8e58bbfb57fab6aefe03c6da904a59769bd803a722bb098bd5b0f29d274a1357762c7258fb487512811b8063fb5d2824a3415a0a4540598335b3b086c72
  languageName: node
  linkType: hard

"yargs@npm:^16.0.3":
  version: 16.2.0
  resolution: "yargs@npm:16.2.0"
  dependencies:
    cliui: "npm:^7.0.2"
    escalade: "npm:^3.1.1"
    get-caller-file: "npm:^2.0.5"
    require-directory: "npm:^2.1.1"
    string-width: "npm:^4.2.0"
    y18n: "npm:^5.0.5"
    yargs-parser: "npm:^20.2.2"
  checksum: 10c0/b1dbfefa679848442454b60053a6c95d62f2d2e21dd28def92b647587f415969173c6e99a0f3bab4f1b67ee8283bf735ebe3544013f09491186ba9e8a9a2b651
  languageName: node
  linkType: hard
